
Microsoft Visual Studio Solution File, Format Version 11.00
# Visual Studio 2010
Project("{FAE04EC0-301F-11D3-BF4B-00C04F79EFBC}") = "Oculus.Platform", "Oculus.Platform.csproj", "{26E381A7-429C-8706-9753-64C8265A34C7}"
EndProject
Project("{FAE04EC0-301F-11D3-BF4B-00C04F79EFBC}") = "Assembly-CSharp", "Assembly-CSharp.csproj", "{33632615-1B66-5878-A3CA-9541B31AB93E}"
EndProject
Project("{FAE04EC0-301F-11D3-BF4B-00C04F79EFBC}") = "Oculus.VR", "Oculus.VR.csproj", "{BC8989F6-2EF5-1A2E-C29C-7B3F994FBA42}"
EndProject
Project("{FAE04EC0-301F-11D3-BF4B-00C04F79EFBC}") = "VRTK.Samples.Farm.Runtime", "VRTK.Samples.Farm.Runtime.csproj", "{0391BC67-89D7-F7C3-91F8-9F6AC78C2747}"
EndProject
Project("{FAE04EC0-301F-11D3-BF4B-00C04F79EFBC}") = "Assembly-CSharp-Editor", "Assembly-CSharp-Editor.csproj", "{1FB71933-A430-4A4F-0AE8-53F071B07508}"
EndProject
Project("{FAE04EC0-301F-11D3-BF4B-00C04F79EFBC}") = "Oculus.VR.Scripts.Editor", "Oculus.VR.Scripts.Editor.csproj", "{AEAF6700-8FA7-40E9-A176-31DC0889BA46}"
EndProject
Project("{FAE04EC0-301F-11D3-BF4B-00C04F79EFBC}") = "Oculus.VR.Editor", "Oculus.VR.Editor.csproj", "{EBCD1EC1-9BF5-D649-E322-4306A6763166}"
EndProject
Project("{FAE04EC0-301F-11D3-BF4B-00C04F79EFBC}") = "Oculus.Platform.Editor", "Oculus.Platform.Editor.csproj", "{43224DB5-FCAE-3131-E398-383F04E7AD74}"
EndProject
Global
	GlobalSection(SolutionConfigurationPlatforms) = preSolution
		Debug|Any CPU = Debug|Any CPU
		Release|Any CPU = Release|Any CPU
	EndGlobalSection
	GlobalSection(ProjectConfigurationPlatforms) = postSolution
		{26E381A7-429C-8706-9753-64C8265A34C7}.Debug|Any CPU.ActiveCfg = Debug|Any CPU
		{26E381A7-429C-8706-9753-64C8265A34C7}.Debug|Any CPU.Build.0 = Debug|Any CPU
		{26E381A7-429C-8706-9753-64C8265A34C7}.Release|Any CPU.ActiveCfg = Release|Any CPU
		{26E381A7-429C-8706-9753-64C8265A34C7}.Release|Any CPU.Build.0 = Release|Any CPU
		{33632615-1B66-5878-A3CA-9541B31AB93E}.Debug|Any CPU.ActiveCfg = Debug|Any CPU
		{33632615-1B66-5878-A3CA-9541B31AB93E}.Debug|Any CPU.Build.0 = Debug|Any CPU
		{33632615-1B66-5878-A3CA-9541B31AB93E}.Release|Any CPU.ActiveCfg = Release|Any CPU
		{33632615-1B66-5878-A3CA-9541B31AB93E}.Release|Any CPU.Build.0 = Release|Any CPU
		{BC8989F6-2EF5-1A2E-C29C-7B3F994FBA42}.Debug|Any CPU.ActiveCfg = Debug|Any CPU
		{BC8989F6-2EF5-1A2E-C29C-7B3F994FBA42}.Debug|Any CPU.Build.0 = Debug|Any CPU
		{BC8989F6-2EF5-1A2E-C29C-7B3F994FBA42}.Release|Any CPU.ActiveCfg = Release|Any CPU
		{BC8989F6-2EF5-1A2E-C29C-7B3F994FBA42}.Release|Any CPU.Build.0 = Release|Any CPU
		{0391BC67-89D7-F7C3-91F8-9F6AC78C2747}.Debug|Any CPU.ActiveCfg = Debug|Any CPU
		{0391BC67-89D7-F7C3-91F8-9F6AC78C2747}.Debug|Any CPU.Build.0 = Debug|Any CPU
		{0391BC67-89D7-F7C3-91F8-9F6AC78C2747}.Release|Any CPU.ActiveCfg = Release|Any CPU
		{0391BC67-89D7-F7C3-91F8-9F6AC78C2747}.Release|Any CPU.Build.0 = Release|Any CPU
		{1FB71933-A430-4A4F-0AE8-53F071B07508}.Debug|Any CPU.ActiveCfg = Debug|Any CPU
		{1FB71933-A430-4A4F-0AE8-53F071B07508}.Debug|Any CPU.Build.0 = Debug|Any CPU
		{1FB71933-A430-4A4F-0AE8-53F071B07508}.Release|Any CPU.ActiveCfg = Release|Any CPU
		{1FB71933-A430-4A4F-0AE8-53F071B07508}.Release|Any CPU.Build.0 = Release|Any CPU
		{AEAF6700-8FA7-40E9-A176-31DC0889BA46}.Debug|Any CPU.ActiveCfg = Debug|Any CPU
		{AEAF6700-8FA7-40E9-A176-31DC0889BA46}.Debug|Any CPU.Build.0 = Debug|Any CPU
		{AEAF6700-8FA7-40E9-A176-31DC0889BA46}.Release|Any CPU.ActiveCfg = Release|Any CPU
		{AEAF6700-8FA7-40E9-A176-31DC0889BA46}.Release|Any CPU.Build.0 = Release|Any CPU
		{EBCD1EC1-9BF5-D649-E322-4306A6763166}.Debug|Any CPU.ActiveCfg = Debug|Any CPU
		{EBCD1EC1-9BF5-D649-E322-4306A6763166}.Debug|Any CPU.Build.0 = Debug|Any CPU
		{EBCD1EC1-9BF5-D649-E322-4306A6763166}.Release|Any CPU.ActiveCfg = Release|Any CPU
		{EBCD1EC1-9BF5-D649-E322-4306A6763166}.Release|Any CPU.Build.0 = Release|Any CPU
		{43224DB5-FCAE-3131-E398-383F04E7AD74}.Debug|Any CPU.ActiveCfg = Debug|Any CPU
		{43224DB5-FCAE-3131-E398-383F04E7AD74}.Debug|Any CPU.Build.0 = Debug|Any CPU
		{43224DB5-FCAE-3131-E398-383F04E7AD74}.Release|Any CPU.ActiveCfg = Release|Any CPU
		{43224DB5-FCAE-3131-E398-383F04E7AD74}.Release|Any CPU.Build.0 = Release|Any CPU
	EndGlobalSection
	GlobalSection(SolutionProperties) = preSolution
		HideSolutionNode = FALSE
	EndGlobalSection
	GlobalSection(MonoDevelopProperties) = preSolution
		StartupItem = Assembly-CSharp.csproj
	EndGlobalSection
EndGlobal
